// !$*UTF8*$!
{
	archiveVersion = 1;
	classes = {
	};
	objectVersion = 51;
	objects = {

/* Begin PBXBuildFile section */
		18AB3C39F7CDE4D63125491E /* Pods_WeatherBrick.framework in Frameworks */ = {isa = PBXBuildFile; fileRef = 2A66EFF50D9154CA07D5AA5A /* Pods_WeatherBrick.framework */; };
		2D0AF65018A5DBCFC7612F14 /* Pods_WeatherBrick_WeatherBrickUITests.framework in Frameworks */ = {isa = PBXBuildFile; fileRef = 0308B2BCAC9E5292D2FA4666 /* Pods_WeatherBrick_WeatherBrickUITests.framework */; };
		5B2A9AC6B1EB7A524FE8D61E /* Pods_WeatherBrickTests.framework in Frameworks */ = {isa = PBXBuildFile; fileRef = 9F81CBD63D95EAC2496FF1CB /* Pods_WeatherBrickTests.framework */; };
		A3475EFF273305F200BF5E86 /* AppDelegate.swift in Sources */ = {isa = PBXBuildFile; fileRef = A3475EFE273305F200BF5E86 /* AppDelegate.swift */; };
		A3475F01273305F200BF5E86 /* WeatherViewController.swift in Sources */ = {isa = PBXBuildFile; fileRef = A3475F00273305F200BF5E86 /* WeatherViewController.swift */; };
		A3475F04273305F200BF5E86 /* Main.storyboard in Resources */ = {isa = PBXBuildFile; fileRef = A3475F02273305F200BF5E86 /* Main.storyboard */; };
		A3475F06273305F400BF5E86 /* Assets.xcassets in Resources */ = {isa = PBXBuildFile; fileRef = A3475F05273305F400BF5E86 /* Assets.xcassets */; };
		A3475F09273305F400BF5E86 /* LaunchScreen.storyboard in Resources */ = {isa = PBXBuildFile; fileRef = A3475F07273305F400BF5E86 /* LaunchScreen.storyboard */; };
		A3475F14273305F400BF5E86 /* WeatherViewModelTests.swift in Sources */ = {isa = PBXBuildFile; fileRef = A3475F13273305F400BF5E86 /* WeatherViewModelTests.swift */; };
		A3475F1F273305F400BF5E86 /* WeatherBrickUITests.swift in Sources */ = {isa = PBXBuildFile; fileRef = A3475F1E273305F400BF5E86 /* WeatherBrickUITests.swift */; };
		A3ACF2E1273847B000CEE97C /* SF-Pro-Display-Light.otf in Resources */ = {isa = PBXBuildFile; fileRef = A3ACF2E0273847B000CEE97C /* SF-Pro-Display-Light.otf */; };
		A3ACF2E3273847B800CEE97C /* SF-Pro-Display-Semibold.otf in Resources */ = {isa = PBXBuildFile; fileRef = A3ACF2E2273847B800CEE97C /* SF-Pro-Display-Semibold.otf */; };
		A3ACF2E727384B9800CEE97C /* Localizable.strings in Resources */ = {isa = PBXBuildFile; fileRef = A3ACF2E627384B9800CEE97C /* Localizable.strings */; };
		F404027C285EFE8200621A1C /* circularAnimationBlue.json in Resources */ = {isa = PBXBuildFile; fileRef = F404027A285EFE8200621A1C /* circularAnimationBlue.json */; };
		F4040281285F031200621A1C /* CircleAnimationView.swift in Sources */ = {isa = PBXBuildFile; fileRef = F4040280285F031200621A1C /* CircleAnimationView.swift */; };
		F4040285285F66B800621A1C /* WeatherMainViewConstraints.swift in Sources */ = {isa = PBXBuildFile; fileRef = F4040284285F66B800621A1C /* WeatherMainViewConstraints.swift */; };
		F4040288285F6A3000621A1C /* WeatherMainViewAnimations.swift in Sources */ = {isa = PBXBuildFile; fileRef = F4040287285F6A3000621A1C /* WeatherMainViewAnimations.swift */; };
		F404028A285F6F0F00621A1C /* SearchLocationViewConstraintsExtension.swift in Sources */ = {isa = PBXBuildFile; fileRef = F4040289285F6F0F00621A1C /* SearchLocationViewConstraintsExtension.swift */; };
		F41FAC7F2861CFF000675E13 /* AsyncQueue.swift in Sources */ = {isa = PBXBuildFile; fileRef = F41FAC7E2861CFF000675E13 /* AsyncQueue.swift */; };
		F41FAC812861D05600675E13 /* SyncQueue.swift in Sources */ = {isa = PBXBuildFile; fileRef = F41FAC802861D05600675E13 /* SyncQueue.swift */; };
		F41FAC832861E26D00675E13 /* AdditionalServiceModels.swift in Sources */ = {isa = PBXBuildFile; fileRef = F41FAC822861E26D00675E13 /* AdditionalServiceModels.swift */; };
		F41FAC882863014900675E13 /* Locatable.swift in Sources */ = {isa = PBXBuildFile; fileRef = F41FAC872863014900675E13 /* Locatable.swift */; };
		F41FAC8E2863224200675E13 /* URLConstants.swift in Sources */ = {isa = PBXBuildFile; fileRef = F41FAC8D2863224200675E13 /* URLConstants.swift */; };
		F41FAC90286322B700675E13 /* PrecipitationConstants.swift in Sources */ = {isa = PBXBuildFile; fileRef = F41FAC8F286322B700675E13 /* PrecipitationConstants.swift */; };
		F41FAC922863234B00675E13 /* SizesConstants.swift in Sources */ = {isa = PBXBuildFile; fileRef = F41FAC912863234B00675E13 /* SizesConstants.swift */; };
		F41FAC942863246C00675E13 /* ColorsConstants.swift in Sources */ = {isa = PBXBuildFile; fileRef = F41FAC932863246C00675E13 /* ColorsConstants.swift */; };
		F41FAC962863250F00675E13 /* FontsConstants.swift in Sources */ = {isa = PBXBuildFile; fileRef = F41FAC952863250F00675E13 /* FontsConstants.swift */; };
		F41FAC982863260B00675E13 /* ImagesConstants.swift in Sources */ = {isa = PBXBuildFile; fileRef = F41FAC972863260B00675E13 /* ImagesConstants.swift */; };
		F41FAC9A286326CD00675E13 /* TitlesConstants.swift in Sources */ = {isa = PBXBuildFile; fileRef = F41FAC99286326CD00675E13 /* TitlesConstants.swift */; };
		F43B674328436BE80034FAEA /* CountriesWithFlags.json in Resources */ = {isa = PBXBuildFile; fileRef = F43B674228436BE80034FAEA /* CountriesWithFlags.json */; };
		F43B674628448E8B0034FAEA /* Dispatcher.swift in Sources */ = {isa = PBXBuildFile; fileRef = F43B674528448E8B0034FAEA /* Dispatcher.swift */; };
		F43B67492844B87D0034FAEA /* NetworkServiceError.swift in Sources */ = {isa = PBXBuildFile; fileRef = F43B67482844B87D0034FAEA /* NetworkServiceError.swift */; };
		F43B6774284515D50034FAEA /* MessageTextLabel.swift in Sources */ = {isa = PBXBuildFile; fileRef = F43B6773284515D50034FAEA /* MessageTextLabel.swift */; };
		F45B51292872D8040026FF99 /* URLModelTests.swift in Sources */ = {isa = PBXBuildFile; fileRef = F45B51282872D8040026FF99 /* URLModelTests.swift */; };
		F45B512D2872E2EF0026FF99 /* UnitTestsConstants.swift in Sources */ = {isa = PBXBuildFile; fileRef = F45B512C2872E2EF0026FF99 /* UnitTestsConstants.swift */; };
		F45B51302872F0240026FF99 /* SearchLocationModelTests.swift in Sources */ = {isa = PBXBuildFile; fileRef = F45B512F2872F0240026FF99 /* SearchLocationModelTests.swift */; };
		F47DA1FB2837836900098B17 /* WeatherMainView.swift in Sources */ = {isa = PBXBuildFile; fileRef = F47DA1FA2837836900098B17 /* WeatherMainView.swift */; };
		F47DA1FF2837938C00098B17 /* AppConstants.swift in Sources */ = {isa = PBXBuildFile; fileRef = F47DA1FE2837938C00098B17 /* AppConstants.swift */; };
		F47DA2062837B9C800098B17 /* PopUpWindow.swift in Sources */ = {isa = PBXBuildFile; fileRef = F47DA2052837B9C800098B17 /* PopUpWindow.swift */; };
		F47DA21428381BBB00098B17 /* Ubuntu-Bold.ttf in Resources */ = {isa = PBXBuildFile; fileRef = F47DA21328381BBB00098B17 /* Ubuntu-Bold.ttf */; };
		F47DA21628381C2900098B17 /* Ubuntu-Regular.ttf in Resources */ = {isa = PBXBuildFile; fileRef = F47DA21528381C2900098B17 /* Ubuntu-Regular.ttf */; };
		F47DA21828381C3800098B17 /* Ubuntu-Light.ttf in Resources */ = {isa = PBXBuildFile; fileRef = F47DA21728381C3800098B17 /* Ubuntu-Light.ttf */; };
		F47DA21A2838AF8000098B17 /* Ubuntu-Medium.ttf in Resources */ = {isa = PBXBuildFile; fileRef = F47DA2192838AF8000098B17 /* Ubuntu-Medium.ttf */; };
		F48B0A9B2859F77200E56A4E /* UIImageResize.swift in Sources */ = {isa = PBXBuildFile; fileRef = F48B0A9A2859F77200E56A4E /* UIImageResize.swift */; };
		F48BCC4D283B752500378711 /* Temperature.swift in Sources */ = {isa = PBXBuildFile; fileRef = F48BCC46283B752400378711 /* Temperature.swift */; };
		F48BCC4E283B752500378711 /* CountryCode.swift in Sources */ = {isa = PBXBuildFile; fileRef = F48BCC47283B752400378711 /* CountryCode.swift */; };
		F48BCC50283B752500378711 /* Weather.swift in Sources */ = {isa = PBXBuildFile; fileRef = F48BCC49283B752400378711 /* Weather.swift */; };
		F48BCC52283B752500378711 /* LocationCoordinate.swift in Sources */ = {isa = PBXBuildFile; fileRef = F48BCC4B283B752500378711 /* LocationCoordinate.swift */; };
		F48BCC53283B752500378711 /* WeatherParameters.swift in Sources */ = {isa = PBXBuildFile; fileRef = F48BCC4C283B752500378711 /* WeatherParameters.swift */; };
		F48BCC56283B849200378711 /* WeatherNetworkService.swift in Sources */ = {isa = PBXBuildFile; fileRef = F48BCC55283B849200378711 /* WeatherNetworkService.swift */; };
		F48BCC59283BB82D00378711 /* WeatherViewModel.swift in Sources */ = {isa = PBXBuildFile; fileRef = F48BCC58283BB82D00378711 /* WeatherViewModel.swift */; };
		F48BCC5B283BC5FC00378711 /* WeatherInfo.swift in Sources */ = {isa = PBXBuildFile; fileRef = F48BCC5A283BC5FC00378711 /* WeatherInfo.swift */; };
		F48BCC5E283BE8A500378711 /* LocationButton.swift in Sources */ = {isa = PBXBuildFile; fileRef = F48BCC5D283BE8A500378711 /* LocationButton.swift */; };
		F48F5B6428546CBA00A1CA75 /* SearchLocationModel.swift in Sources */ = {isa = PBXBuildFile; fileRef = F48F5B6328546CBA00A1CA75 /* SearchLocationModel.swift */; };
		F48F5B6A2854859600A1CA75 /* URLModel.swift in Sources */ = {isa = PBXBuildFile; fileRef = F48F5B692854859600A1CA75 /* URLModel.swift */; };
		F4A9B7FD284E1668003B7D78 /* WindParameters.swift in Sources */ = {isa = PBXBuildFile; fileRef = F4A9B7FC284E1668003B7D78 /* WindParameters.swift */; };
		F4A9B806284F293F003B7D78 /* Country.swift in Sources */ = {isa = PBXBuildFile; fileRef = F4A9B805284F293F003B7D78 /* Country.swift */; };
		F4A9B8302851B9FE003B7D78 /* StoneImageView.swift in Sources */ = {isa = PBXBuildFile; fileRef = F4A9B82F2851B9FE003B7D78 /* StoneImageView.swift */; };
		F4A9B83528533098003B7D78 /* UserLocationButton.swift in Sources */ = {isa = PBXBuildFile; fileRef = F4A9B83428533098003B7D78 /* UserLocationButton.swift */; };
		F4A9B83728533D87003B7D78 /* UserDefaultsManager.swift in Sources */ = {isa = PBXBuildFile; fileRef = F4A9B83628533D87003B7D78 /* UserDefaultsManager.swift */; };
		F4B287862858601A005E1960 /* UIViewTransitionAnimations.swift in Sources */ = {isa = PBXBuildFile; fileRef = F4B287852858601A005E1960 /* UIViewTransitionAnimations.swift */; };
		F4B287A9285881B6005E1960 /* Size.swift in Sources */ = {isa = PBXBuildFile; fileRef = F4B287A8285881B6005E1960 /* Size.swift */; };
		F4B287AB285884AC005E1960 /* DeviceScreenSizeExtension.swift in Sources */ = {isa = PBXBuildFile; fileRef = F4B287AA285884AC005E1960 /* DeviceScreenSizeExtension.swift */; };
		F4B287AD2859ED17005E1960 /* UserDefaultsError.swift in Sources */ = {isa = PBXBuildFile; fileRef = F4B287AC2859ED17005E1960 /* UserDefaultsError.swift */; };
		F4B48BC12875B58E000828D5 /* WeatherBrickSnapshotsUITests.swift in Sources */ = {isa = PBXBuildFile; fileRef = F4B48BC02875B58E000828D5 /* WeatherBrickSnapshotsUITests.swift */; };
		F4BCC394285C86BB0067404C /* ErrorMessageTextLabel.swift in Sources */ = {isa = PBXBuildFile; fileRef = F4BCC393285C86BB0067404C /* ErrorMessageTextLabel.swift */; };
		F4DF62BC283D4E7D004CAE1B /* SearchLocationViewController.swift in Sources */ = {isa = PBXBuildFile; fileRef = F4DF62BB283D4E7D004CAE1B /* SearchLocationViewController.swift */; };
		F4DF62BE283D4EAC004CAE1B /* SearchLocationView.swift in Sources */ = {isa = PBXBuildFile; fileRef = F4DF62BD283D4EAC004CAE1B /* SearchLocationView.swift */; };
		F4DF62C0283D55B6004CAE1B /* BackgroundImageView.swift in Sources */ = {isa = PBXBuildFile; fileRef = F4DF62BF283D55B6004CAE1B /* BackgroundImageView.swift */; };
/* End PBXBuildFile section */

/* Begin PBXContainerItemProxy section */
		A3475F10273305F400BF5E86 /* PBXContainerItemProxy */ = {
			isa = PBXContainerItemProxy;
			containerPortal = A3475EF3273305F200BF5E86 /* Project object */;
			proxyType = 1;
			remoteGlobalIDString = A3475EFA273305F200BF5E86;
			remoteInfo = WeatherBrick;
		};
		A3475F1B273305F400BF5E86 /* PBXContainerItemProxy */ = {
			isa = PBXContainerItemProxy;
			containerPortal = A3475EF3273305F200BF5E86 /* Project object */;
			proxyType = 1;
			remoteGlobalIDString = A3475EFA273305F200BF5E86;
			remoteInfo = WeatherBrick;
		};
/* End PBXContainerItemProxy section */

/* Begin PBXFileReference section */
		02BC4D92896285326E637E43 /* Pods-WeatherBrick.release.xcconfig */ = {isa = PBXFileReference; includeInIndex = 1; lastKnownFileType = text.xcconfig; name = "Pods-WeatherBrick.release.xcconfig"; path = "Target Support Files/Pods-WeatherBrick/Pods-WeatherBrick.release.xcconfig"; sourceTree = "<group>"; };
		0308B2BCAC9E5292D2FA4666 /* Pods_WeatherBrick_WeatherBrickUITests.framework */ = {isa = PBXFileReference; explicitFileType = wrapper.framework; includeInIndex = 0; path = Pods_WeatherBrick_WeatherBrickUITests.framework; sourceTree = BUILT_PRODUCTS_DIR; };
		09948A2B171B2CCBAF1F815B /* Pods-WeatherBrick-WeatherBrickUITests.debug.xcconfig */ = {isa = PBXFileReference; includeInIndex = 1; lastKnownFileType = text.xcconfig; name = "Pods-WeatherBrick-WeatherBrickUITests.debug.xcconfig"; path = "Target Support Files/Pods-WeatherBrick-WeatherBrickUITests/Pods-WeatherBrick-WeatherBrickUITests.debug.xcconfig"; sourceTree = "<group>"; };
		2A66EFF50D9154CA07D5AA5A /* Pods_WeatherBrick.framework */ = {isa = PBXFileReference; explicitFileType = wrapper.framework; includeInIndex = 0; path = Pods_WeatherBrick.framework; sourceTree = BUILT_PRODUCTS_DIR; };
		46748BDDB916E9828803D5F3 /* Pods-WeatherBrick.debug.xcconfig */ = {isa = PBXFileReference; includeInIndex = 1; lastKnownFileType = text.xcconfig; name = "Pods-WeatherBrick.debug.xcconfig"; path = "Target Support Files/Pods-WeatherBrick/Pods-WeatherBrick.debug.xcconfig"; sourceTree = "<group>"; };
		86831346F21F1A2F5D78AC53 /* Pods-WeatherBrickTests.release.xcconfig */ = {isa = PBXFileReference; includeInIndex = 1; lastKnownFileType = text.xcconfig; name = "Pods-WeatherBrickTests.release.xcconfig"; path = "Target Support Files/Pods-WeatherBrickTests/Pods-WeatherBrickTests.release.xcconfig"; sourceTree = "<group>"; };
		9F81CBD63D95EAC2496FF1CB /* Pods_WeatherBrickTests.framework */ = {isa = PBXFileReference; explicitFileType = wrapper.framework; includeInIndex = 0; path = Pods_WeatherBrickTests.framework; sourceTree = BUILT_PRODUCTS_DIR; };
		A3475EFB273305F200BF5E86 /* WeatherBrick.app */ = {isa = PBXFileReference; explicitFileType = wrapper.application; includeInIndex = 0; path = WeatherBrick.app; sourceTree = BUILT_PRODUCTS_DIR; };
		A3475EFE273305F200BF5E86 /* AppDelegate.swift */ = {isa = PBXFileReference; lastKnownFileType = sourcecode.swift; path = AppDelegate.swift; sourceTree = "<group>"; };
		A3475F00273305F200BF5E86 /* WeatherViewController.swift */ = {isa = PBXFileReference; lastKnownFileType = sourcecode.swift; path = WeatherViewController.swift; sourceTree = "<group>"; };
		A3475F03273305F200BF5E86 /* Base */ = {isa = PBXFileReference; lastKnownFileType = file.storyboard; name = Base; path = Base.lproj/Main.storyboard; sourceTree = "<group>"; };
		A3475F05273305F400BF5E86 /* Assets.xcassets */ = {isa = PBXFileReference; lastKnownFileType = folder.assetcatalog; path = Assets.xcassets; sourceTree = "<group>"; };
		A3475F08273305F400BF5E86 /* Base */ = {isa = PBXFileReference; lastKnownFileType = file.storyboard; name = Base; path = Base.lproj/LaunchScreen.storyboard; sourceTree = "<group>"; };
		A3475F0A273305F400BF5E86 /* Info.plist */ = {isa = PBXFileReference; lastKnownFileType = text.plist.xml; path = Info.plist; sourceTree = "<group>"; };
		A3475F0F273305F400BF5E86 /* WeatherBrickTests.xctest */ = {isa = PBXFileReference; explicitFileType = wrapper.cfbundle; includeInIndex = 0; path = WeatherBrickTests.xctest; sourceTree = BUILT_PRODUCTS_DIR; };
		A3475F13273305F400BF5E86 /* WeatherViewModelTests.swift */ = {isa = PBXFileReference; lastKnownFileType = sourcecode.swift; path = WeatherViewModelTests.swift; sourceTree = "<group>"; };
		A3475F15273305F400BF5E86 /* Info.plist */ = {isa = PBXFileReference; lastKnownFileType = text.plist.xml; path = Info.plist; sourceTree = "<group>"; };
		A3475F1A273305F400BF5E86 /* WeatherBrickUITests.xctest */ = {isa = PBXFileReference; explicitFileType = wrapper.cfbundle; includeInIndex = 0; path = WeatherBrickUITests.xctest; sourceTree = BUILT_PRODUCTS_DIR; };
		A3475F1E273305F400BF5E86 /* WeatherBrickUITests.swift */ = {isa = PBXFileReference; lastKnownFileType = sourcecode.swift; path = WeatherBrickUITests.swift; sourceTree = "<group>"; };
		A3475F20273305F400BF5E86 /* Info.plist */ = {isa = PBXFileReference; lastKnownFileType = text.plist.xml; path = Info.plist; sourceTree = "<group>"; };
		A3ACF2E0273847B000CEE97C /* SF-Pro-Display-Light.otf */ = {isa = PBXFileReference; lastKnownFileType = file; path = "SF-Pro-Display-Light.otf"; sourceTree = "<group>"; };
		A3ACF2E2273847B800CEE97C /* SF-Pro-Display-Semibold.otf */ = {isa = PBXFileReference; lastKnownFileType = file; path = "SF-Pro-Display-Semibold.otf"; sourceTree = "<group>"; };
		A3ACF2E627384B9800CEE97C /* Localizable.strings */ = {isa = PBXFileReference; lastKnownFileType = text.plist.strings; path = Localizable.strings; sourceTree = "<group>"; };
		A5D7E17997DCC46CE2999FB0 /* Pods-WeatherBrick-WeatherBrickUITests.release.xcconfig */ = {isa = PBXFileReference; includeInIndex = 1; lastKnownFileType = text.xcconfig; name = "Pods-WeatherBrick-WeatherBrickUITests.release.xcconfig"; path = "Target Support Files/Pods-WeatherBrick-WeatherBrickUITests/Pods-WeatherBrick-WeatherBrickUITests.release.xcconfig"; sourceTree = "<group>"; };
		D97144F82122F3B87CF109F0 /* Pods-WeatherBrickTests.debug.xcconfig */ = {isa = PBXFileReference; includeInIndex = 1; lastKnownFileType = text.xcconfig; name = "Pods-WeatherBrickTests.debug.xcconfig"; path = "Target Support Files/Pods-WeatherBrickTests/Pods-WeatherBrickTests.debug.xcconfig"; sourceTree = "<group>"; };
		F404027A285EFE8200621A1C /* circularAnimationBlue.json */ = {isa = PBXFileReference; fileEncoding = 4; lastKnownFileType = text.json; path = circularAnimationBlue.json; sourceTree = "<group>"; };
		F4040280285F031200621A1C /* CircleAnimationView.swift */ = {isa = PBXFileReference; lastKnownFileType = sourcecode.swift; path = CircleAnimationView.swift; sourceTree = "<group>"; };
		F4040284285F66B800621A1C /* WeatherMainViewConstraints.swift */ = {isa = PBXFileReference; lastKnownFileType = sourcecode.swift; path = WeatherMainViewConstraints.swift; sourceTree = "<group>"; };
		F4040287285F6A3000621A1C /* WeatherMainViewAnimations.swift */ = {isa = PBXFileReference; lastKnownFileType = sourcecode.swift; path = WeatherMainViewAnimations.swift; sourceTree = "<group>"; };
		F4040289285F6F0F00621A1C /* SearchLocationViewConstraintsExtension.swift */ = {isa = PBXFileReference; lastKnownFileType = sourcecode.swift; path = SearchLocationViewConstraintsExtension.swift; sourceTree = "<group>"; };
		F41FAC7E2861CFF000675E13 /* AsyncQueue.swift */ = {isa = PBXFileReference; lastKnownFileType = sourcecode.swift; path = AsyncQueue.swift; sourceTree = "<group>"; };
		F41FAC802861D05600675E13 /* SyncQueue.swift */ = {isa = PBXFileReference; lastKnownFileType = sourcecode.swift; path = SyncQueue.swift; sourceTree = "<group>"; };
		F41FAC822861E26D00675E13 /* AdditionalServiceModels.swift */ = {isa = PBXFileReference; lastKnownFileType = sourcecode.swift; path = AdditionalServiceModels.swift; sourceTree = "<group>"; };
		F41FAC872863014900675E13 /* Locatable.swift */ = {isa = PBXFileReference; lastKnownFileType = sourcecode.swift; path = Locatable.swift; sourceTree = "<group>"; };
		F41FAC8D2863224200675E13 /* URLConstants.swift */ = {isa = PBXFileReference; lastKnownFileType = sourcecode.swift; path = URLConstants.swift; sourceTree = "<group>"; };
		F41FAC8F286322B700675E13 /* PrecipitationConstants.swift */ = {isa = PBXFileReference; lastKnownFileType = sourcecode.swift; path = PrecipitationConstants.swift; sourceTree = "<group>"; };
		F41FAC912863234B00675E13 /* SizesConstants.swift */ = {isa = PBXFileReference; lastKnownFileType = sourcecode.swift; path = SizesConstants.swift; sourceTree = "<group>"; };
		F41FAC932863246C00675E13 /* ColorsConstants.swift */ = {isa = PBXFileReference; lastKnownFileType = sourcecode.swift; path = ColorsConstants.swift; sourceTree = "<group>"; };
		F41FAC952863250F00675E13 /* FontsConstants.swift */ = {isa = PBXFileReference; lastKnownFileType = sourcecode.swift; path = FontsConstants.swift; sourceTree = "<group>"; };
		F41FAC972863260B00675E13 /* ImagesConstants.swift */ = {isa = PBXFileReference; lastKnownFileType = sourcecode.swift; path = ImagesConstants.swift; sourceTree = "<group>"; };
		F41FAC99286326CD00675E13 /* TitlesConstants.swift */ = {isa = PBXFileReference; lastKnownFileType = sourcecode.swift; path = TitlesConstants.swift; sourceTree = "<group>"; };
		F43B674228436BE80034FAEA /* CountriesWithFlags.json */ = {isa = PBXFileReference; fileEncoding = 4; lastKnownFileType = text.json; path = CountriesWithFlags.json; sourceTree = "<group>"; };
		F43B674528448E8B0034FAEA /* Dispatcher.swift */ = {isa = PBXFileReference; lastKnownFileType = sourcecode.swift; path = Dispatcher.swift; sourceTree = "<group>"; };
		F43B67482844B87D0034FAEA /* NetworkServiceError.swift */ = {isa = PBXFileReference; lastKnownFileType = sourcecode.swift; path = NetworkServiceError.swift; sourceTree = "<group>"; };
		F43B6773284515D50034FAEA /* MessageTextLabel.swift */ = {isa = PBXFileReference; lastKnownFileType = sourcecode.swift; path = MessageTextLabel.swift; sourceTree = "<group>"; };
		F45B51282872D8040026FF99 /* URLModelTests.swift */ = {isa = PBXFileReference; lastKnownFileType = sourcecode.swift; path = URLModelTests.swift; sourceTree = "<group>"; };
		F45B512C2872E2EF0026FF99 /* UnitTestsConstants.swift */ = {isa = PBXFileReference; lastKnownFileType = sourcecode.swift; path = UnitTestsConstants.swift; sourceTree = "<group>"; };
		F45B512F2872F0240026FF99 /* SearchLocationModelTests.swift */ = {isa = PBXFileReference; lastKnownFileType = sourcecode.swift; path = SearchLocationModelTests.swift; sourceTree = "<group>"; };
		F47DA1FA2837836900098B17 /* WeatherMainView.swift */ = {isa = PBXFileReference; lastKnownFileType = sourcecode.swift; path = WeatherMainView.swift; sourceTree = "<group>"; };
		F47DA1FE2837938C00098B17 /* AppConstants.swift */ = {isa = PBXFileReference; lastKnownFileType = sourcecode.swift; path = AppConstants.swift; sourceTree = "<group>"; };
		F47DA2052837B9C800098B17 /* PopUpWindow.swift */ = {isa = PBXFileReference; lastKnownFileType = sourcecode.swift; path = PopUpWindow.swift; sourceTree = "<group>"; };
		F47DA21328381BBB00098B17 /* Ubuntu-Bold.ttf */ = {isa = PBXFileReference; lastKnownFileType = file; path = "Ubuntu-Bold.ttf"; sourceTree = "<group>"; };
		F47DA21528381C2900098B17 /* Ubuntu-Regular.ttf */ = {isa = PBXFileReference; lastKnownFileType = file; path = "Ubuntu-Regular.ttf"; sourceTree = "<group>"; };
		F47DA21728381C3800098B17 /* Ubuntu-Light.ttf */ = {isa = PBXFileReference; lastKnownFileType = file; path = "Ubuntu-Light.ttf"; sourceTree = "<group>"; };
		F47DA2192838AF8000098B17 /* Ubuntu-Medium.ttf */ = {isa = PBXFileReference; lastKnownFileType = file; path = "Ubuntu-Medium.ttf"; sourceTree = "<group>"; };
		F48B0A9A2859F77200E56A4E /* UIImageResize.swift */ = {isa = PBXFileReference; lastKnownFileType = sourcecode.swift; path = UIImageResize.swift; sourceTree = "<group>"; };
		F48BCC46283B752400378711 /* Temperature.swift */ = {isa = PBXFileReference; fileEncoding = 4; lastKnownFileType = sourcecode.swift; path = Temperature.swift; sourceTree = "<group>"; };
		F48BCC47283B752400378711 /* CountryCode.swift */ = {isa = PBXFileReference; fileEncoding = 4; lastKnownFileType = sourcecode.swift; path = CountryCode.swift; sourceTree = "<group>"; };
		F48BCC49283B752400378711 /* Weather.swift */ = {isa = PBXFileReference; fileEncoding = 4; lastKnownFileType = sourcecode.swift; path = Weather.swift; sourceTree = "<group>"; };
		F48BCC4B283B752500378711 /* LocationCoordinate.swift */ = {isa = PBXFileReference; fileEncoding = 4; lastKnownFileType = sourcecode.swift; path = LocationCoordinate.swift; sourceTree = "<group>"; };
		F48BCC4C283B752500378711 /* WeatherParameters.swift */ = {isa = PBXFileReference; fileEncoding = 4; lastKnownFileType = sourcecode.swift; path = WeatherParameters.swift; sourceTree = "<group>"; };
		F48BCC55283B849200378711 /* WeatherNetworkService.swift */ = {isa = PBXFileReference; lastKnownFileType = sourcecode.swift; path = WeatherNetworkService.swift; sourceTree = "<group>"; };
		F48BCC58283BB82D00378711 /* WeatherViewModel.swift */ = {isa = PBXFileReference; lastKnownFileType = sourcecode.swift; path = WeatherViewModel.swift; sourceTree = "<group>"; };
		F48BCC5A283BC5FC00378711 /* WeatherInfo.swift */ = {isa = PBXFileReference; lastKnownFileType = sourcecode.swift; path = WeatherInfo.swift; sourceTree = "<group>"; };
		F48BCC5D283BE8A500378711 /* LocationButton.swift */ = {isa = PBXFileReference; lastKnownFileType = sourcecode.swift; path = LocationButton.swift; sourceTree = "<group>"; };
		F48F5B6328546CBA00A1CA75 /* SearchLocationModel.swift */ = {isa = PBXFileReference; lastKnownFileType = sourcecode.swift; path = SearchLocationModel.swift; sourceTree = "<group>"; };
		F48F5B692854859600A1CA75 /* URLModel.swift */ = {isa = PBXFileReference; fileEncoding = 4; lastKnownFileType = sourcecode.swift; path = URLModel.swift; sourceTree = "<group>"; };
		F4A9B7FC284E1668003B7D78 /* WindParameters.swift */ = {isa = PBXFileReference; fileEncoding = 4; lastKnownFileType = sourcecode.swift; path = WindParameters.swift; sourceTree = "<group>"; };
		F4A9B805284F293F003B7D78 /* Country.swift */ = {isa = PBXFileReference; lastKnownFileType = sourcecode.swift; path = Country.swift; sourceTree = "<group>"; };
		F4A9B82F2851B9FE003B7D78 /* StoneImageView.swift */ = {isa = PBXFileReference; lastKnownFileType = sourcecode.swift; path = StoneImageView.swift; sourceTree = "<group>"; };
		F4A9B83428533098003B7D78 /* UserLocationButton.swift */ = {isa = PBXFileReference; lastKnownFileType = sourcecode.swift; path = UserLocationButton.swift; sourceTree = "<group>"; };
		F4A9B83628533D87003B7D78 /* UserDefaultsManager.swift */ = {isa = PBXFileReference; lastKnownFileType = sourcecode.swift; path = UserDefaultsManager.swift; sourceTree = "<group>"; };
		F4B287852858601A005E1960 /* UIViewTransitionAnimations.swift */ = {isa = PBXFileReference; lastKnownFileType = sourcecode.swift; path = UIViewTransitionAnimations.swift; sourceTree = "<group>"; };
		F4B287A8285881B6005E1960 /* Size.swift */ = {isa = PBXFileReference; fileEncoding = 4; lastKnownFileType = sourcecode.swift; path = Size.swift; sourceTree = "<group>"; };
		F4B287AA285884AC005E1960 /* DeviceScreenSizeExtension.swift */ = {isa = PBXFileReference; lastKnownFileType = sourcecode.swift; path = DeviceScreenSizeExtension.swift; sourceTree = "<group>"; };
		F4B287AC2859ED17005E1960 /* UserDefaultsError.swift */ = {isa = PBXFileReference; lastKnownFileType = sourcecode.swift; path = UserDefaultsError.swift; sourceTree = "<group>"; };
		F4B48BC02875B58E000828D5 /* WeatherBrickSnapshotsUITests.swift */ = {isa = PBXFileReference; lastKnownFileType = sourcecode.swift; path = WeatherBrickSnapshotsUITests.swift; sourceTree = "<group>"; };
		F4BCC393285C86BB0067404C /* ErrorMessageTextLabel.swift */ = {isa = PBXFileReference; lastKnownFileType = sourcecode.swift; path = ErrorMessageTextLabel.swift; sourceTree = "<group>"; };
		F4DF62BB283D4E7D004CAE1B /* SearchLocationViewController.swift */ = {isa = PBXFileReference; lastKnownFileType = sourcecode.swift; path = SearchLocationViewController.swift; sourceTree = "<group>"; };
		F4DF62BD283D4EAC004CAE1B /* SearchLocationView.swift */ = {isa = PBXFileReference; lastKnownFileType = sourcecode.swift; path = SearchLocationView.swift; sourceTree = "<group>"; };
		F4DF62BF283D55B6004CAE1B /* BackgroundImageView.swift */ = {isa = PBXFileReference; lastKnownFileType = sourcecode.swift; path = BackgroundImageView.swift; sourceTree = "<group>"; };
/* End PBXFileReference section */

/* Begin PBXFrameworksBuildPhase section */
		A3475EF8273305F200BF5E86 /* Frameworks */ = {
			isa = PBXFrameworksBuildPhase;
			buildActionMask = 2147483647;
			files = (
				18AB3C39F7CDE4D63125491E /* Pods_WeatherBrick.framework in Frameworks */,
			);
			runOnlyForDeploymentPostprocessing = 0;
		};
		A3475F0C273305F400BF5E86 /* Frameworks */ = {
			isa = PBXFrameworksBuildPhase;
			buildActionMask = 2147483647;
			files = (
				5B2A9AC6B1EB7A524FE8D61E /* Pods_WeatherBrickTests.framework in Frameworks */,
			);
			runOnlyForDeploymentPostprocessing = 0;
		};
		A3475F17273305F400BF5E86 /* Frameworks */ = {
			isa = PBXFrameworksBuildPhase;
			buildActionMask = 2147483647;
			files = (
				2D0AF65018A5DBCFC7612F14 /* Pods_WeatherBrick_WeatherBrickUITests.framework in Frameworks */,
			);
			runOnlyForDeploymentPostprocessing = 0;
		};
/* End PBXFrameworksBuildPhase section */

/* Begin PBXGroup section */
		A02C38C61A5AB88F48C46C24 /* Frameworks */ = {
			isa = PBXGroup;
			children = (
				2A66EFF50D9154CA07D5AA5A /* Pods_WeatherBrick.framework */,
				0308B2BCAC9E5292D2FA4666 /* Pods_WeatherBrick_WeatherBrickUITests.framework */,
				9F81CBD63D95EAC2496FF1CB /* Pods_WeatherBrickTests.framework */,
			);
			name = Frameworks;
			sourceTree = "<group>";
		};
		A3475EF2273305F200BF5E86 = {
			isa = PBXGroup;
			children = (
				A3475EFD273305F200BF5E86 /* WeatherBrick */,
				A3475F12273305F400BF5E86 /* WeatherBrickTests */,
				A3475F1D273305F400BF5E86 /* WeatherBrickUITests */,
				A3475EFC273305F200BF5E86 /* Products */,
				FA897FDCA5607126FCE80F1D /* Pods */,
				A02C38C61A5AB88F48C46C24 /* Frameworks */,
			);
			sourceTree = "<group>";
		};
		A3475EFC273305F200BF5E86 /* Products */ = {
			isa = PBXGroup;
			children = (
				A3475EFB273305F200BF5E86 /* WeatherBrick.app */,
				A3475F0F273305F400BF5E86 /* WeatherBrickTests.xctest */,
				A3475F1A273305F400BF5E86 /* WeatherBrickUITests.xctest */,
			);
			name = Products;
			sourceTree = "<group>";
		};
		A3475EFD273305F200BF5E86 /* WeatherBrick */ = {
			isa = PBXGroup;
			children = (
				A3ACF2DE27383B7400CEE97C /* Supporting Files */,
				F4A9B804284F291B003B7D78 /* CommonModels */,
				F48BCC5C283BE86000378711 /* Elements Views */,
				F4A9B83828537A0A003B7D78 /* Managers */,
				F47DA1FC2837931300098B17 /* WeatherMainModule */,
				F4DF62B7283D4E30004CAE1B /* SearchLocationModule */,
			);
			path = WeatherBrick;
			sourceTree = "<group>";
		};
		A3475F12273305F400BF5E86 /* WeatherBrickTests */ = {
			isa = PBXGroup;
			children = (
				F45B512E2872E3180026FF99 /* Constants */,
				F45B512F2872F0240026FF99 /* SearchLocationModelTests.swift */,
				F45B51282872D8040026FF99 /* URLModelTests.swift */,
				A3475F13273305F400BF5E86 /* WeatherViewModelTests.swift */,
				A3475F15273305F400BF5E86 /* Info.plist */,
			);
			path = WeatherBrickTests;
			sourceTree = "<group>";
		};
		A3475F1D273305F400BF5E86 /* WeatherBrickUITests */ = {
			isa = PBXGroup;
			children = (
				A3475F1E273305F400BF5E86 /* WeatherBrickUITests.swift */,
				F4B48BC02875B58E000828D5 /* WeatherBrickSnapshotsUITests.swift */,
				A3475F20273305F400BF5E86 /* Info.plist */,
			);
			path = WeatherBrickUITests;
			sourceTree = "<group>";
		};
		A3ACF2DE27383B7400CEE97C /* Supporting Files */ = {
			isa = PBXGroup;
			children = (
				F47DA1F8283782C700098B17 /* Application */,
				F47DA1FD2837934400098B17 /* Constants */,
				F43B674428448E680034FAEA /* Dispatcher */,
				F43B67472844B8520034FAEA /* Errors */,
				F4B2878328585FDF005E1960 /* Extensions */,
				F41FAC892863014F00675E13 /* Protocols */,
				A3ACF2E4273847C600CEE97C /* Resources */,
				F47DA1F9283782D800098B17 /* View */,
				A3475F0A273305F400BF5E86 /* Info.plist */,
			);
			name = "Supporting Files";
			sourceTree = "<group>";
		};
		A3ACF2DF2738479300CEE97C /* Fonts */ = {
			isa = PBXGroup;
			children = (
				F47DA20D28381AB500098B17 /* ProDisplay */,
				F47DA20E28381ACF00098B17 /* Ubuntu */,
			);
			path = Fonts;
			sourceTree = "<group>";
		};
		A3ACF2E4273847C600CEE97C /* Resources */ = {
			isa = PBXGroup;
			children = (
				F404026F285EF19400621A1C /* Assets */,
				A3ACF2DF2738479300CEE97C /* Fonts */,
				A3ACF2E627384B9800CEE97C /* Localizable.strings */,
				F43B674228436BE80034FAEA /* CountriesWithFlags.json */,
			);
			name = Resources;
			sourceTree = "<group>";
		};
		F404026F285EF19400621A1C /* Assets */ = {
			isa = PBXGroup;
			children = (
				A3475F05273305F400BF5E86 /* Assets.xcassets */,
				F404027A285EFE8200621A1C /* circularAnimationBlue.json */,
			);
			path = Assets;
			sourceTree = "<group>";
		};
		F4040286285F66C100621A1C /* WeatherMainViewExtensions */ = {
			isa = PBXGroup;
			children = (
				F4040284285F66B800621A1C /* WeatherMainViewConstraints.swift */,
				F4040287285F6A3000621A1C /* WeatherMainViewAnimations.swift */,
			);
			name = WeatherMainViewExtensions;
			sourceTree = "<group>";
		};
		F404028B285F6F1600621A1C /* SearchLocationViewExtensions */ = {
			isa = PBXGroup;
			children = (
				F4040289285F6F0F00621A1C /* SearchLocationViewConstraintsExtension.swift */,
			);
			name = SearchLocationViewExtensions;
			sourceTree = "<group>";
		};
		F41FAC842861E32D00675E13 /* AdditionalServiceModels */ = {
			isa = PBXGroup;
			children = (
				F41FAC822861E26D00675E13 /* AdditionalServiceModels.swift */,
			);
			name = AdditionalServiceModels;
			sourceTree = "<group>";
		};
		F41FAC892863014F00675E13 /* Protocols */ = {
			isa = PBXGroup;
			children = (
				F41FAC872863014900675E13 /* Locatable.swift */,
			);
			name = Protocols;
			sourceTree = "<group>";
		};
		F43B674428448E680034FAEA /* Dispatcher */ = {
			isa = PBXGroup;
			children = (
				F43B674528448E8B0034FAEA /* Dispatcher.swift */,
				F41FAC7E2861CFF000675E13 /* AsyncQueue.swift */,
				F41FAC802861D05600675E13 /* SyncQueue.swift */,
			);
			name = Dispatcher;
			sourceTree = "<group>";
		};
		F43B67472844B8520034FAEA /* Errors */ = {
			isa = PBXGroup;
			children = (
				F43B67482844B87D0034FAEA /* NetworkServiceError.swift */,
				F4B287AC2859ED17005E1960 /* UserDefaultsError.swift */,
			);
			name = Errors;
			sourceTree = "<group>";
		};
		F45B512E2872E3180026FF99 /* Constants */ = {
			isa = PBXGroup;
			children = (
				F45B512C2872E2EF0026FF99 /* UnitTestsConstants.swift */,
			);
			path = Constants;
			sourceTree = "<group>";
		};
		F47DA1F52837826900098B17 /* Controller */ = {
			isa = PBXGroup;
			children = (
				A3475F00273305F200BF5E86 /* WeatherViewController.swift */,
			);
			name = Controller;
			sourceTree = "<group>";
		};
		F47DA1F62837827F00098B17 /* View */ = {
			isa = PBXGroup;
			children = (
				F47DA1FA2837836900098B17 /* WeatherMainView.swift */,
			);
			name = View;
			sourceTree = "<group>";
		};
		F47DA1F72837828A00098B17 /* Model */ = {
			isa = PBXGroup;
			children = (
				F48BCC58283BB82D00378711 /* WeatherViewModel.swift */,
			);
			name = Model;
			sourceTree = "<group>";
		};
		F47DA1F8283782C700098B17 /* Application */ = {
			isa = PBXGroup;
			children = (
				A3475EFE273305F200BF5E86 /* AppDelegate.swift */,
			);
			name = Application;
			sourceTree = "<group>";
		};
		F47DA1F9283782D800098B17 /* View */ = {
			isa = PBXGroup;
			children = (
				A3475F07273305F400BF5E86 /* LaunchScreen.storyboard */,
				A3475F02273305F200BF5E86 /* Main.storyboard */,
			);
			name = View;
			sourceTree = "<group>";
		};
		F47DA1FC2837931300098B17 /* WeatherMainModule */ = {
			isa = PBXGroup;
			children = (
				F47DA1F72837828A00098B17 /* Model */,
				F47DA1F62837827F00098B17 /* View */,
				F47DA1F52837826900098B17 /* Controller */,
			);
			name = WeatherMainModule;
			sourceTree = "<group>";
		};
		F47DA1FD2837934400098B17 /* Constants */ = {
			isa = PBXGroup;
			children = (
				F47DA1FE2837938C00098B17 /* AppConstants.swift */,
				F41FAC932863246C00675E13 /* ColorsConstants.swift */,
				F41FAC952863250F00675E13 /* FontsConstants.swift */,
				F41FAC972863260B00675E13 /* ImagesConstants.swift */,
				F41FAC8F286322B700675E13 /* PrecipitationConstants.swift */,
				F41FAC912863234B00675E13 /* SizesConstants.swift */,
				F41FAC99286326CD00675E13 /* TitlesConstants.swift */,
				F41FAC8D2863224200675E13 /* URLConstants.swift */,
			);
			name = Constants;
			sourceTree = "<group>";
		};
		F47DA20D28381AB500098B17 /* ProDisplay */ = {
			isa = PBXGroup;
			children = (
				A3ACF2E0273847B000CEE97C /* SF-Pro-Display-Light.otf */,
				A3ACF2E2273847B800CEE97C /* SF-Pro-Display-Semibold.otf */,
			);
			path = ProDisplay;
			sourceTree = "<group>";
		};
		F47DA20E28381ACF00098B17 /* Ubuntu */ = {
			isa = PBXGroup;
			children = (
				F47DA21728381C3800098B17 /* Ubuntu-Light.ttf */,
				F47DA21528381C2900098B17 /* Ubuntu-Regular.ttf */,
				F47DA2192838AF8000098B17 /* Ubuntu-Medium.ttf */,
				F47DA21328381BBB00098B17 /* Ubuntu-Bold.ttf */,
			);
			path = Ubuntu;
			sourceTree = "<group>";
		};
		F48B0A992859F73D00E56A4E /* UIImageExtensions */ = {
			isa = PBXGroup;
			children = (
				F48B0A9A2859F77200E56A4E /* UIImageResize.swift */,
			);
			name = UIImageExtensions;
			sourceTree = "<group>";
		};
		F48B0A9C2859FE4100E56A4E /* DeviceExtensions */ = {
			isa = PBXGroup;
			children = (
				F4B287AA285884AC005E1960 /* DeviceScreenSizeExtension.swift */,
				F4B287A8285881B6005E1960 /* Size.swift */,
			);
			name = DeviceExtensions;
			sourceTree = "<group>";
		};
		F48BCC54283B752F00378711 /* ResponseModels */ = {
			isa = PBXGroup;
			children = (
				F4A9B7FC284E1668003B7D78 /* WindParameters.swift */,
				F48BCC4B283B752500378711 /* LocationCoordinate.swift */,
				F48BCC4C283B752500378711 /* WeatherParameters.swift */,
				F48BCC46283B752400378711 /* Temperature.swift */,
				F48BCC47283B752400378711 /* CountryCode.swift */,
				F48BCC49283B752400378711 /* Weather.swift */,
			);
			name = ResponseModels;
			sourceTree = "<group>";
		};
		F48BCC5C283BE86000378711 /* Elements Views */ = {
			isa = PBXGroup;
			children = (
				F4DF62BF283D55B6004CAE1B /* BackgroundImageView.swift */,
				F47DA2052837B9C800098B17 /* PopUpWindow.swift */,
				F4BCC393285C86BB0067404C /* ErrorMessageTextLabel.swift */,
				F48BCC5D283BE8A500378711 /* LocationButton.swift */,
				F4A9B83428533098003B7D78 /* UserLocationButton.swift */,
				F43B6773284515D50034FAEA /* MessageTextLabel.swift */,
				F4A9B82F2851B9FE003B7D78 /* StoneImageView.swift */,
				F4040280285F031200621A1C /* CircleAnimationView.swift */,
			);
			name = "Elements Views";
			sourceTree = "<group>";
		};
		F48F5B6228537D6C00A1CA75 /* UserDefaultsManager */ = {
			isa = PBXGroup;
			children = (
				F4A9B83628533D87003B7D78 /* UserDefaultsManager.swift */,
			);
			name = UserDefaultsManager;
			sourceTree = "<group>";
		};
		F48F5B6B2854919500A1CA75 /* Country */ = {
			isa = PBXGroup;
			children = (
				F4A9B805284F293F003B7D78 /* Country.swift */,
			);
			name = Country;
			sourceTree = "<group>";
		};
		F4A9B801284F28CC003B7D78 /* WeatherInfoModel */ = {
			isa = PBXGroup;
			children = (
				F48BCC5A283BC5FC00378711 /* WeatherInfo.swift */,
			);
			name = WeatherInfoModel;
			sourceTree = "<group>";
		};
		F4A9B804284F291B003B7D78 /* CommonModels */ = {
			isa = PBXGroup;
			children = (
				F48F5B6B2854919500A1CA75 /* Country */,
				F48BCC54283B752F00378711 /* ResponseModels */,
				F4A9B801284F28CC003B7D78 /* WeatherInfoModel */,
			);
			name = CommonModels;
			sourceTree = "<group>";
		};
		F4A9B83828537A0A003B7D78 /* Managers */ = {
			isa = PBXGroup;
			children = (
				F4DF62B6283CC805004CAE1B /* NetworkServiceModule */,
				F48F5B6228537D6C00A1CA75 /* UserDefaultsManager */,
				F41FAC842861E32D00675E13 /* AdditionalServiceModels */,
			);
			name = Managers;
			sourceTree = "<group>";
		};
		F4B2878328585FDF005E1960 /* Extensions */ = {
			isa = PBXGroup;
			children = (
				F48B0A9C2859FE4100E56A4E /* DeviceExtensions */,
				F48B0A992859F73D00E56A4E /* UIImageExtensions */,
				F4B2878428585FF2005E1960 /* UIViewExtensions */,
				F4040286285F66C100621A1C /* WeatherMainViewExtensions */,
				F404028B285F6F1600621A1C /* SearchLocationViewExtensions */,
			);
			name = Extensions;
			sourceTree = "<group>";
		};
		F4B2878428585FF2005E1960 /* UIViewExtensions */ = {
			isa = PBXGroup;
			children = (
				F4B287852858601A005E1960 /* UIViewTransitionAnimations.swift */,
			);
			name = UIViewExtensions;
			sourceTree = "<group>";
		};
		F4DF62B6283CC805004CAE1B /* NetworkServiceModule */ = {
			isa = PBXGroup;
			children = (
				F48BCC55283B849200378711 /* WeatherNetworkService.swift */,
				F48F5B692854859600A1CA75 /* URLModel.swift */,
			);
			name = NetworkServiceModule;
			sourceTree = "<group>";
		};
		F4DF62B7283D4E30004CAE1B /* SearchLocationModule */ = {
			isa = PBXGroup;
			children = (
				F4DF62BA283D4E5C004CAE1B /* Model */,
				F4DF62B9283D4E52004CAE1B /* View */,
				F4DF62B8283D4E4A004CAE1B /* Controller */,
			);
			name = SearchLocationModule;
			sourceTree = "<group>";
		};
		F4DF62B8283D4E4A004CAE1B /* Controller */ = {
			isa = PBXGroup;
			children = (
				F4DF62BB283D4E7D004CAE1B /* SearchLocationViewController.swift */,
			);
			name = Controller;
			sourceTree = "<group>";
		};
		F4DF62B9283D4E52004CAE1B /* View */ = {
			isa = PBXGroup;
			children = (
				F4DF62BD283D4EAC004CAE1B /* SearchLocationView.swift */,
			);
			name = View;
			sourceTree = "<group>";
		};
		F4DF62BA283D4E5C004CAE1B /* Model */ = {
			isa = PBXGroup;
			children = (
				F48F5B6328546CBA00A1CA75 /* SearchLocationModel.swift */,
			);
			name = Model;
			sourceTree = "<group>";
		};
		FA897FDCA5607126FCE80F1D /* Pods */ = {
			isa = PBXGroup;
			children = (
				46748BDDB916E9828803D5F3 /* Pods-WeatherBrick.debug.xcconfig */,
				02BC4D92896285326E637E43 /* Pods-WeatherBrick.release.xcconfig */,
				09948A2B171B2CCBAF1F815B /* Pods-WeatherBrick-WeatherBrickUITests.debug.xcconfig */,
				A5D7E17997DCC46CE2999FB0 /* Pods-WeatherBrick-WeatherBrickUITests.release.xcconfig */,
				D97144F82122F3B87CF109F0 /* Pods-WeatherBrickTests.debug.xcconfig */,
				86831346F21F1A2F5D78AC53 /* Pods-WeatherBrickTests.release.xcconfig */,
			);
			path = Pods;
			sourceTree = "<group>";
		};
/* End PBXGroup section */

/* Begin PBXNativeTarget section */
		A3475EFA273305F200BF5E86 /* WeatherBrick */ = {
			isa = PBXNativeTarget;
			buildConfigurationList = A3475F23273305F400BF5E86 /* Build configuration list for PBXNativeTarget "WeatherBrick" */;
			buildPhases = (
				72D6ADB55009425183E1C6B1 /* [CP] Check Pods Manifest.lock */,
				F47DA1F42837747A00098B17 /* ShellScript */,
				A3475EF7273305F200BF5E86 /* Sources */,
				A3475EF8273305F200BF5E86 /* Frameworks */,
				A3475EF9273305F200BF5E86 /* Resources */,
				56F6C930C65C7EE37A957069 /* [CP] Embed Pods Frameworks */,
			);
			buildRules = (
			);
			dependencies = (
			);
			name = WeatherBrick;
			productName = WeatherBrick;
			productReference = A3475EFB273305F200BF5E86 /* WeatherBrick.app */;
			productType = "com.apple.product-type.application";
		};
		A3475F0E273305F400BF5E86 /* WeatherBrickTests */ = {
			isa = PBXNativeTarget;
			buildConfigurationList = A3475F26273305F400BF5E86 /* Build configuration list for PBXNativeTarget "WeatherBrickTests" */;
			buildPhases = (
				C29434EDA56E32DE0CE5FA83 /* [CP] Check Pods Manifest.lock */,
				A3475F0B273305F400BF5E86 /* Sources */,
				A3475F0C273305F400BF5E86 /* Frameworks */,
				A3475F0D273305F400BF5E86 /* Resources */,
			);
			buildRules = (
			);
			dependencies = (
				A3475F11273305F400BF5E86 /* PBXTargetDependency */,
			);
			name = WeatherBrickTests;
			productName = WeatherBrickTests;
			productReference = A3475F0F273305F400BF5E86 /* WeatherBrickTests.xctest */;
			productType = "com.apple.product-type.bundle.unit-test";
		};
		A3475F19273305F400BF5E86 /* WeatherBrickUITests */ = {
			isa = PBXNativeTarget;
			buildConfigurationList = A3475F29273305F400BF5E86 /* Build configuration list for PBXNativeTarget "WeatherBrickUITests" */;
			buildPhases = (
				33D57A4082846FC5171742CC /* [CP] Check Pods Manifest.lock */,
				A3475F16273305F400BF5E86 /* Sources */,
				A3475F17273305F400BF5E86 /* Frameworks */,
				A3475F18273305F400BF5E86 /* Resources */,
				FE89646DDD8743C14BC18472 /* [CP] Embed Pods Frameworks */,
			);
			buildRules = (
			);
			dependencies = (
				A3475F1C273305F400BF5E86 /* PBXTargetDependency */,
			);
			name = WeatherBrickUITests;
			productName = WeatherBrickUITests;
			productReference = A3475F1A273305F400BF5E86 /* WeatherBrickUITests.xctest */;
			productType = "com.apple.product-type.bundle.ui-testing";
		};
/* End PBXNativeTarget section */

/* Begin PBXProject section */
		A3475EF3273305F200BF5E86 /* Project object */ = {
			isa = PBXProject;
			attributes = {
				LastSwiftUpdateCheck = 0940;
				LastUpgradeCheck = 1320;
				ORGANIZATIONNAME = VAndrJ;
				TargetAttributes = {
					A3475EFA273305F200BF5E86 = {
						CreatedOnToolsVersion = 9.4.1;
						LastSwiftMigration = 1320;
					};
					A3475F0E273305F400BF5E86 = {
						CreatedOnToolsVersion = 9.4.1;
						LastSwiftMigration = 1320;
						TestTargetID = A3475EFA273305F200BF5E86;
					};
					A3475F19273305F400BF5E86 = {
						CreatedOnToolsVersion = 9.4.1;
						LastSwiftMigration = 1320;
						TestTargetID = A3475EFA273305F200BF5E86;
					};
				};
			};
			buildConfigurationList = A3475EF6273305F200BF5E86 /* Build configuration list for PBXProject "WeatherBrick" */;
			compatibilityVersion = "Xcode 9.3";
			developmentRegion = en;
			hasScannedForEncodings = 0;
			knownRegions = (
				en,
				Base,
			);
			mainGroup = A3475EF2273305F200BF5E86;
			productRefGroup = A3475EFC273305F200BF5E86 /* Products */;
			projectDirPath = "";
			projectRoot = "";
			targets = (
				A3475EFA273305F200BF5E86 /* WeatherBrick */,
				A3475F0E273305F400BF5E86 /* WeatherBrickTests */,
				A3475F19273305F400BF5E86 /* WeatherBrickUITests */,
			);
		};
/* End PBXProject section */

/* Begin PBXResourcesBuildPhase section */
		A3475EF9273305F200BF5E86 /* Resources */ = {
			isa = PBXResourcesBuildPhase;
			buildActionMask = 2147483647;
			files = (
				F47DA21628381C2900098B17 /* Ubuntu-Regular.ttf in Resources */,
				A3475F09273305F400BF5E86 /* LaunchScreen.storyboard in Resources */,
				A3ACF2E727384B9800CEE97C /* Localizable.strings in Resources */,
				A3475F06273305F400BF5E86 /* Assets.xcassets in Resources */,
				A3ACF2E3273847B800CEE97C /* SF-Pro-Display-Semibold.otf in Resources */,
				F43B674328436BE80034FAEA /* CountriesWithFlags.json in Resources */,
				F47DA21428381BBB00098B17 /* Ubuntu-Bold.ttf in Resources */,
				F47DA21A2838AF8000098B17 /* Ubuntu-Medium.ttf in Resources */,
				A3ACF2E1273847B000CEE97C /* SF-Pro-Display-Light.otf in Resources */,
				F47DA21828381C3800098B17 /* Ubuntu-Light.ttf in Resources */,
				A3475F04273305F200BF5E86 /* Main.storyboard in Resources */,
				F404027C285EFE8200621A1C /* circularAnimationBlue.json in Resources */,
			);
			runOnlyForDeploymentPostprocessing = 0;
		};
		A3475F0D273305F400BF5E86 /* Resources */ = {
			isa = PBXResourcesBuildPhase;
			buildActionMask = 2147483647;
			files = (
			);
			runOnlyForDeploymentPostprocessing = 0;
		};
		A3475F18273305F400BF5E86 /* Resources */ = {
			isa = PBXResourcesBuildPhase;
			buildActionMask = 2147483647;
			files = (
			);
			runOnlyForDeploymentPostprocessing = 0;
		};
/* End PBXResourcesBuildPhase section */

/* Begin PBXShellScriptBuildPhase section */
		33D57A4082846FC5171742CC /* [CP] Check Pods Manifest.lock */ = {
			isa = PBXShellScriptBuildPhase;
			buildActionMask = 2147483647;
			files = (
			);
			inputFileListPaths = (
			);
			inputPaths = (
				"${PODS_PODFILE_DIR_PATH}/Podfile.lock",
				"${PODS_ROOT}/Manifest.lock",
			);
			name = "[CP] Check Pods Manifest.lock";
			outputFileListPaths = (
			);
			outputPaths = (
				"$(DERIVED_FILE_DIR)/Pods-WeatherBrick-WeatherBrickUITests-checkManifestLockResult.txt",
			);
			runOnlyForDeploymentPostprocessing = 0;
			shellPath = /bin/sh;
			shellScript = "diff \"${PODS_PODFILE_DIR_PATH}/Podfile.lock\" \"${PODS_ROOT}/Manifest.lock\" > /dev/null\nif [ $? != 0 ] ; then\n    # print error to STDERR\n    echo \"error: The sandbox is not in sync with the Podfile.lock. Run 'pod install' or update your CocoaPods installation.\" >&2\n    exit 1\nfi\n# This output is used by Xcode 'outputs' to avoid re-running this script phase.\necho \"SUCCESS\" > \"${SCRIPT_OUTPUT_FILE_0}\"\n";
			showEnvVarsInLog = 0;
		};
		56F6C930C65C7EE37A957069 /* [CP] Embed Pods Frameworks */ = {
			isa = PBXShellScriptBuildPhase;
			buildActionMask = 2147483647;
			files = (
			);
			inputFileListPaths = (
				"${PODS_ROOT}/Target Support Files/Pods-WeatherBrick/Pods-WeatherBrick-frameworks-${CONFIGURATION}-input-files.xcfilelist",
			);
			name = "[CP] Embed Pods Frameworks";
			outputFileListPaths = (
				"${PODS_ROOT}/Target Support Files/Pods-WeatherBrick/Pods-WeatherBrick-frameworks-${CONFIGURATION}-output-files.xcfilelist",
			);
			runOnlyForDeploymentPostprocessing = 0;
			shellPath = /bin/sh;
			shellScript = "\"${PODS_ROOT}/Target Support Files/Pods-WeatherBrick/Pods-WeatherBrick-frameworks.sh\"\n";
			showEnvVarsInLog = 0;
		};
		72D6ADB55009425183E1C6B1 /* [CP] Check Pods Manifest.lock */ = {
			isa = PBXShellScriptBuildPhase;
			buildActionMask = 2147483647;
			files = (
			);
			inputFileListPaths = (
			);
			inputPaths = (
				"${PODS_PODFILE_DIR_PATH}/Podfile.lock",
				"${PODS_ROOT}/Manifest.lock",
			);
			name = "[CP] Check Pods Manifest.lock";
			outputFileListPaths = (
			);
			outputPaths = (
				"$(DERIVED_FILE_DIR)/Pods-WeatherBrick-checkManifestLockResult.txt",
			);
			runOnlyForDeploymentPostprocessing = 0;
			shellPath = /bin/sh;
			shellScript = "diff \"${PODS_PODFILE_DIR_PATH}/Podfile.lock\" \"${PODS_ROOT}/Manifest.lock\" > /dev/null\nif [ $? != 0 ] ; then\n    # print error to STDERR\n    echo \"error: The sandbox is not in sync with the Podfile.lock. Run 'pod install' or update your CocoaPods installation.\" >&2\n    exit 1\nfi\n# This output is used by Xcode 'outputs' to avoid re-running this script phase.\necho \"SUCCESS\" > \"${SCRIPT_OUTPUT_FILE_0}\"\n";
			showEnvVarsInLog = 0;
		};
		C29434EDA56E32DE0CE5FA83 /* [CP] Check Pods Manifest.lock */ = {
			isa = PBXShellScriptBuildPhase;
			buildActionMask = 2147483647;
			files = (
			);
			inputFileListPaths = (
			);
			inputPaths = (
				"${PODS_PODFILE_DIR_PATH}/Podfile.lock",
				"${PODS_ROOT}/Manifest.lock",
			);
			name = "[CP] Check Pods Manifest.lock";
			outputFileListPaths = (
			);
			outputPaths = (
				"$(DERIVED_FILE_DIR)/Pods-WeatherBrickTests-checkManifestLockResult.txt",
			);
			runOnlyForDeploymentPostprocessing = 0;
			shellPath = /bin/sh;
			shellScript = "diff \"${PODS_PODFILE_DIR_PATH}/Podfile.lock\" \"${PODS_ROOT}/Manifest.lock\" > /dev/null\nif [ $? != 0 ] ; then\n    # print error to STDERR\n    echo \"error: The sandbox is not in sync with the Podfile.lock. Run 'pod install' or update your CocoaPods installation.\" >&2\n    exit 1\nfi\n# This output is used by Xcode 'outputs' to avoid re-running this script phase.\necho \"SUCCESS\" > \"${SCRIPT_OUTPUT_FILE_0}\"\n";
			showEnvVarsInLog = 0;
		};
		F47DA1F42837747A00098B17 /* ShellScript */ = {
			isa = PBXShellScriptBuildPhase;
			buildActionMask = 2147483647;
			files = (
			);
			inputFileListPaths = (
			);
			inputPaths = (
			);
			outputFileListPaths = (
			);
			outputPaths = (
			);
			runOnlyForDeploymentPostprocessing = 0;
			shellPath = /bin/sh;
			shellScript = "\"${PODS_ROOT}/SwiftLint/swiftlint\"\n";
		};
		FE89646DDD8743C14BC18472 /* [CP] Embed Pods Frameworks */ = {
			isa = PBXShellScriptBuildPhase;
			buildActionMask = 2147483647;
			files = (
			);
			inputFileListPaths = (
				"${PODS_ROOT}/Target Support Files/Pods-WeatherBrick-WeatherBrickUITests/Pods-WeatherBrick-WeatherBrickUITests-frameworks-${CONFIGURATION}-input-files.xcfilelist",
			);
			name = "[CP] Embed Pods Frameworks";
			outputFileListPaths = (
				"${PODS_ROOT}/Target Support Files/Pods-WeatherBrick-WeatherBrickUITests/Pods-WeatherBrick-WeatherBrickUITests-frameworks-${CONFIGURATION}-output-files.xcfilelist",
			);
			runOnlyForDeploymentPostprocessing = 0;
			shellPath = /bin/sh;
			shellScript = "\"${PODS_ROOT}/Target Support Files/Pods-WeatherBrick-WeatherBrickUITests/Pods-WeatherBrick-WeatherBrickUITests-frameworks.sh\"\n";
			showEnvVarsInLog = 0;
		};
/* End PBXShellScriptBuildPhase section */

/* Begin PBXSourcesBuildPhase section */
		A3475EF7273305F200BF5E86 /* Sources */ = {
			isa = PBXSourcesBuildPhase;
			buildActionMask = 2147483647;
			files = (
				F41FAC7F2861CFF000675E13 /* AsyncQueue.swift in Sources */,
				F4040285285F66B800621A1C /* WeatherMainViewConstraints.swift in Sources */,
				F48BCC4D283B752500378711 /* Temperature.swift in Sources */,
				F41FAC8E2863224200675E13 /* URLConstants.swift in Sources */,
				F48BCC4E283B752500378711 /* CountryCode.swift in Sources */,
				F4DF62C0283D55B6004CAE1B /* BackgroundImageView.swift in Sources */,
				F41FAC982863260B00675E13 /* ImagesConstants.swift in Sources */,
				F43B6774284515D50034FAEA /* MessageTextLabel.swift in Sources */,
				F4B287AD2859ED17005E1960 /* UserDefaultsError.swift in Sources */,
				F48BCC5B283BC5FC00378711 /* WeatherInfo.swift in Sources */,
				F43B67492844B87D0034FAEA /* NetworkServiceError.swift in Sources */,
				F48F5B6A2854859600A1CA75 /* URLModel.swift in Sources */,
				F41FAC90286322B700675E13 /* PrecipitationConstants.swift in Sources */,
				F41FAC832861E26D00675E13 /* AdditionalServiceModels.swift in Sources */,
				A3475F01273305F200BF5E86 /* WeatherViewController.swift in Sources */,
				F404028A285F6F0F00621A1C /* SearchLocationViewConstraintsExtension.swift in Sources */,
				F48BCC5E283BE8A500378711 /* LocationButton.swift in Sources */,
				F4B287AB285884AC005E1960 /* DeviceScreenSizeExtension.swift in Sources */,
				F41FAC812861D05600675E13 /* SyncQueue.swift in Sources */,
				A3475EFF273305F200BF5E86 /* AppDelegate.swift in Sources */,
				F4A9B8302851B9FE003B7D78 /* StoneImageView.swift in Sources */,
				F41FAC882863014900675E13 /* Locatable.swift in Sources */,
				F4BCC394285C86BB0067404C /* ErrorMessageTextLabel.swift in Sources */,
				F41FAC962863250F00675E13 /* FontsConstants.swift in Sources */,
				F4B287A9285881B6005E1960 /* Size.swift in Sources */,
				F48BCC50283B752500378711 /* Weather.swift in Sources */,
				F48BCC53283B752500378711 /* WeatherParameters.swift in Sources */,
				F47DA1FB2837836900098B17 /* WeatherMainView.swift in Sources */,
				F41FAC942863246C00675E13 /* ColorsConstants.swift in Sources */,
				F4A9B83528533098003B7D78 /* UserLocationButton.swift in Sources */,
				F48BCC52283B752500378711 /* LocationCoordinate.swift in Sources */,
				F48F5B6428546CBA00A1CA75 /* SearchLocationModel.swift in Sources */,
				F4DF62BC283D4E7D004CAE1B /* SearchLocationViewController.swift in Sources */,
				F4040288285F6A3000621A1C /* WeatherMainViewAnimations.swift in Sources */,
				F41FAC9A286326CD00675E13 /* TitlesConstants.swift in Sources */,
				F47DA1FF2837938C00098B17 /* AppConstants.swift in Sources */,
				F43B674628448E8B0034FAEA /* Dispatcher.swift in Sources */,
				F4040281285F031200621A1C /* CircleAnimationView.swift in Sources */,
				F48BCC59283BB82D00378711 /* WeatherViewModel.swift in Sources */,
				F4A9B7FD284E1668003B7D78 /* WindParameters.swift in Sources */,
				F4B287862858601A005E1960 /* UIViewTransitionAnimations.swift in Sources */,
				F4A9B806284F293F003B7D78 /* Country.swift in Sources */,
				F4A9B83728533D87003B7D78 /* UserDefaultsManager.swift in Sources */,
				F47DA2062837B9C800098B17 /* PopUpWindow.swift in Sources */,
				F4DF62BE283D4EAC004CAE1B /* SearchLocationView.swift in Sources */,
				F48BCC56283B849200378711 /* WeatherNetworkService.swift in Sources */,
				F41FAC922863234B00675E13 /* SizesConstants.swift in Sources */,
				F48B0A9B2859F77200E56A4E /* UIImageResize.swift in Sources */,
			);
			runOnlyForDeploymentPostprocessing = 0;
		};
		A3475F0B273305F400BF5E86 /* Sources */ = {
			isa = PBXSourcesBuildPhase;
			buildActionMask = 2147483647;
			files = (
				F45B51302872F0240026FF99 /* SearchLocationModelTests.swift in Sources */,
				A3475F14273305F400BF5E86 /* WeatherViewModelTests.swift in Sources */,
				F45B512D2872E2EF0026FF99 /* UnitTestsConstants.swift in Sources */,
				F45B51292872D8040026FF99 /* URLModelTests.swift in Sources */,
			);
			runOnlyForDeploymentPostprocessing = 0;
		};
		A3475F16273305F400BF5E86 /* Sources */ = {
			isa = PBXSourcesBuildPhase;
			buildActionMask = 2147483647;
			files = (
				F4B48BC12875B58E000828D5 /* WeatherBrickSnapshotsUITests.swift in Sources */,
				A3475F1F273305F400BF5E86 /* WeatherBrickUITests.swift in Sources */,
			);
			runOnlyForDeploymentPostprocessing = 0;
		};
/* End PBXSourcesBuildPhase section */

/* Begin PBXTargetDependency section */
		A3475F11273305F400BF5E86 /* PBXTargetDependency */ = {
			isa = PBXTargetDependency;
			target = A3475EFA273305F200BF5E86 /* WeatherBrick */;
			targetProxy = A3475F10273305F400BF5E86 /* PBXContainerItemProxy */;
		};
		A3475F1C273305F400BF5E86 /* PBXTargetDependency */ = {
			isa = PBXTargetDependency;
			target = A3475EFA273305F200BF5E86 /* WeatherBrick */;
			targetProxy = A3475F1B273305F400BF5E86 /* PBXContainerItemProxy */;
		};
/* End PBXTargetDependency section */

/* Begin PBXVariantGroup section */
		A3475F02273305F200BF5E86 /* Main.storyboard */ = {
			isa = PBXVariantGroup;
			children = (
				A3475F03273305F200BF5E86 /* Base */,
			);
			name = Main.storyboard;
			sourceTree = "<group>";
		};
		A3475F07273305F400BF5E86 /* LaunchScreen.storyboard */ = {
			isa = PBXVariantGroup;
			children = (
				A3475F08273305F400BF5E86 /* Base */,
			);
			name = LaunchScreen.storyboard;
			sourceTree = "<group>";
		};
/* End PBXVariantGroup section */

/* Begin XCBuildConfiguration section */
		A3475F21273305F400BF5E86 /* Debug */ = {
			isa = XCBuildConfiguration;
			buildSettings = {
				ALWAYS_SEARCH_USER_PATHS = NO;
				CLANG_ANALYZER_NONNULL = YES;
				CLANG_ANALYZER_NUMBER_OBJECT_CONVERSION = YES_AGGRESSIVE;
				CLANG_CXX_LANGUAGE_STANDARD = "gnu++14";
				CLANG_CXX_LIBRARY = "libc++";
				CLANG_ENABLE_MODULES = YES;
				CLANG_ENABLE_OBJC_ARC = YES;
				CLANG_ENABLE_OBJC_WEAK = YES;
				CLANG_WARN_BLOCK_CAPTURE_AUTORELEASING = YES;
				CLANG_WARN_BOOL_CONVERSION = YES;
				CLANG_WARN_COMMA = YES;
				CLANG_WARN_CONSTANT_CONVERSION = YES;
				CLANG_WARN_DEPRECATED_OBJC_IMPLEMENTATIONS = YES;
				CLANG_WARN_DIRECT_OBJC_ISA_USAGE = YES_ERROR;
				CLANG_WARN_DOCUMENTATION_COMMENTS = YES;
				CLANG_WARN_EMPTY_BODY = YES;
				CLANG_WARN_ENUM_CONVERSION = YES;
				CLANG_WARN_INFINITE_RECURSION = YES;
				CLANG_WARN_INT_CONVERSION = YES;
				CLANG_WARN_NON_LITERAL_NULL_CONVERSION = YES;
				CLANG_WARN_OBJC_IMPLICIT_RETAIN_SELF = YES;
				CLANG_WARN_OBJC_LITERAL_CONVERSION = YES;
				CLANG_WARN_OBJC_ROOT_CLASS = YES_ERROR;
				CLANG_WARN_QUOTED_INCLUDE_IN_FRAMEWORK_HEADER = YES;
				CLANG_WARN_RANGE_LOOP_ANALYSIS = YES;
				CLANG_WARN_STRICT_PROTOTYPES = YES;
				CLANG_WARN_SUSPICIOUS_MOVE = YES;
				CLANG_WARN_UNGUARDED_AVAILABILITY = YES_AGGRESSIVE;
				CLANG_WARN_UNREACHABLE_CODE = YES;
				CLANG_WARN__DUPLICATE_METHOD_MATCH = YES;
				CODE_SIGN_IDENTITY = "iPhone Developer";
				COPY_PHASE_STRIP = NO;
				DEBUG_INFORMATION_FORMAT = dwarf;
				ENABLE_STRICT_OBJC_MSGSEND = YES;
				ENABLE_TESTABILITY = YES;
				GCC_C_LANGUAGE_STANDARD = gnu11;
				GCC_DYNAMIC_NO_PIC = NO;
				GCC_NO_COMMON_BLOCKS = YES;
				GCC_OPTIMIZATION_LEVEL = 0;
				GCC_PREPROCESSOR_DEFINITIONS = (
					"DEBUG=1",
					"$(inherited)",
				);
				GCC_WARN_64_TO_32_BIT_CONVERSION = YES;
				GCC_WARN_ABOUT_RETURN_TYPE = YES_ERROR;
				GCC_WARN_UNDECLARED_SELECTOR = YES;
				GCC_WARN_UNINITIALIZED_AUTOS = YES_AGGRESSIVE;
				GCC_WARN_UNUSED_FUNCTION = YES;
				GCC_WARN_UNUSED_VARIABLE = YES;
				IPHONEOS_DEPLOYMENT_TARGET = 13.0;
				MTL_ENABLE_DEBUG_INFO = YES;
				ONLY_ACTIVE_ARCH = YES;
				SDKROOT = iphoneos;
				SWIFT_ACTIVE_COMPILATION_CONDITIONS = DEBUG;
				SWIFT_OPTIMIZATION_LEVEL = "-Onone";
			};
			name = Debug;
		};
		A3475F22273305F400BF5E86 /* Release */ = {
			isa = XCBuildConfiguration;
			buildSettings = {
				ALWAYS_SEARCH_USER_PATHS = NO;
				CLANG_ANALYZER_NONNULL = YES;
				CLANG_ANALYZER_NUMBER_OBJECT_CONVERSION = YES_AGGRESSIVE;
				CLANG_CXX_LANGUAGE_STANDARD = "gnu++14";
				CLANG_CXX_LIBRARY = "libc++";
				CLANG_ENABLE_MODULES = YES;
				CLANG_ENABLE_OBJC_ARC = YES;
				CLANG_ENABLE_OBJC_WEAK = YES;
				CLANG_WARN_BLOCK_CAPTURE_AUTORELEASING = YES;
				CLANG_WARN_BOOL_CONVERSION = YES;
				CLANG_WARN_COMMA = YES;
				CLANG_WARN_CONSTANT_CONVERSION = YES;
				CLANG_WARN_DEPRECATED_OBJC_IMPLEMENTATIONS = YES;
				CLANG_WARN_DIRECT_OBJC_ISA_USAGE = YES_ERROR;
				CLANG_WARN_DOCUMENTATION_COMMENTS = YES;
				CLANG_WARN_EMPTY_BODY = YES;
				CLANG_WARN_ENUM_CONVERSION = YES;
				CLANG_WARN_INFINITE_RECURSION = YES;
				CLANG_WARN_INT_CONVERSION = YES;
				CLANG_WARN_NON_LITERAL_NULL_CONVERSION = YES;
				CLANG_WARN_OBJC_IMPLICIT_RETAIN_SELF = YES;
				CLANG_WARN_OBJC_LITERAL_CONVERSION = YES;
				CLANG_WARN_OBJC_ROOT_CLASS = YES_ERROR;
				CLANG_WARN_QUOTED_INCLUDE_IN_FRAMEWORK_HEADER = YES;
				CLANG_WARN_RANGE_LOOP_ANALYSIS = YES;
				CLANG_WARN_STRICT_PROTOTYPES = YES;
				CLANG_WARN_SUSPICIOUS_MOVE = YES;
				CLANG_WARN_UNGUARDED_AVAILABILITY = YES_AGGRESSIVE;
				CLANG_WARN_UNREACHABLE_CODE = YES;
				CLANG_WARN__DUPLICATE_METHOD_MATCH = YES;
				CODE_SIGN_IDENTITY = "iPhone Developer";
				COPY_PHASE_STRIP = NO;
				DEBUG_INFORMATION_FORMAT = "dwarf-with-dsym";
				ENABLE_NS_ASSERTIONS = NO;
				ENABLE_STRICT_OBJC_MSGSEND = YES;
				GCC_C_LANGUAGE_STANDARD = gnu11;
				GCC_NO_COMMON_BLOCKS = YES;
				GCC_WARN_64_TO_32_BIT_CONVERSION = YES;
				GCC_WARN_ABOUT_RETURN_TYPE = YES_ERROR;
				GCC_WARN_UNDECLARED_SELECTOR = YES;
				GCC_WARN_UNINITIALIZED_AUTOS = YES_AGGRESSIVE;
				GCC_WARN_UNUSED_FUNCTION = YES;
				GCC_WARN_UNUSED_VARIABLE = YES;
				IPHONEOS_DEPLOYMENT_TARGET = 13.0;
				MTL_ENABLE_DEBUG_INFO = NO;
				SDKROOT = iphoneos;
				SWIFT_COMPILATION_MODE = wholemodule;
				SWIFT_OPTIMIZATION_LEVEL = "-O";
				VALIDATE_PRODUCT = YES;
			};
			name = Release;
		};
		A3475F24273305F400BF5E86 /* Debug */ = {
			isa = XCBuildConfiguration;
			baseConfigurationReference = 46748BDDB916E9828803D5F3 /* Pods-WeatherBrick.debug.xcconfig */;
			buildSettings = {
				ASSETCATALOG_COMPILER_APPICON_NAME = AppIcon;
				CODE_SIGN_STYLE = Automatic;
				DEVELOPMENT_TEAM = 34XV2JSY5D;
				INFOPLIST_FILE = WeatherBrick/Info.plist;
				IPHONEOS_DEPLOYMENT_TARGET = 13.0;
				LD_RUNPATH_SEARCH_PATHS = (
					"$(inherited)",
					"@executable_path/Frameworks",
				);
				PRODUCT_BUNDLE_IDENTIFIER = com.vandrj.WeatherBrick;
				PRODUCT_NAME = "$(TARGET_NAME)";
				SWIFT_VERSION = 5.0;
				TARGETED_DEVICE_FAMILY = 1;
			};
			name = Debug;
		};
		A3475F25273305F400BF5E86 /* Release */ = {
			isa = XCBuildConfiguration;
			baseConfigurationReference = 02BC4D92896285326E637E43 /* Pods-WeatherBrick.release.xcconfig */;
			buildSettings = {
				ASSETCATALOG_COMPILER_APPICON_NAME = AppIcon;
				CODE_SIGN_STYLE = Automatic;
				DEVELOPMENT_TEAM = 34XV2JSY5D;
				INFOPLIST_FILE = WeatherBrick/Info.plist;
				IPHONEOS_DEPLOYMENT_TARGET = 13.0;
				LD_RUNPATH_SEARCH_PATHS = (
					"$(inherited)",
					"@executable_path/Frameworks",
				);
				PRODUCT_BUNDLE_IDENTIFIER = com.vandrj.WeatherBrick;
				PRODUCT_NAME = "$(TARGET_NAME)";
				SWIFT_VERSION = 5.0;
				TARGETED_DEVICE_FAMILY = 1;
			};
			name = Release;
		};
		A3475F27273305F400BF5E86 /* Debug */ = {
			isa = XCBuildConfiguration;
			baseConfigurationReference = D97144F82122F3B87CF109F0 /* Pods-WeatherBrickTests.debug.xcconfig */;
			buildSettings = {
				ALWAYS_EMBED_SWIFT_STANDARD_LIBRARIES = YES;
				BUNDLE_LOADER = "$(TEST_HOST)";
				CODE_SIGN_STYLE = Automatic;
				DEVELOPMENT_TEAM = 34XV2JSY5D;
				INFOPLIST_FILE = WeatherBrickTests/Info.plist;
				LD_RUNPATH_SEARCH_PATHS = (
					"$(inherited)",
					"@executable_path/Frameworks",
					"@loader_path/Frameworks",
				);
				PRODUCT_BUNDLE_IDENTIFIER = com.vandrj.WeatherBrickTests;
				PRODUCT_NAME = "$(TARGET_NAME)";
				SWIFT_VERSION = 5.0;
				TARGETED_DEVICE_FAMILY = "1,2";
				TEST_HOST = "$(BUILT_PRODUCTS_DIR)/WeatherBrick.app/WeatherBrick";
			};
			name = Debug;
		};
		A3475F28273305F400BF5E86 /* Release */ = {
			isa = XCBuildConfiguration;
			baseConfigurationReference = 86831346F21F1A2F5D78AC53 /* Pods-WeatherBrickTests.release.xcconfig */;
			buildSettings = {
				ALWAYS_EMBED_SWIFT_STANDARD_LIBRARIES = YES;
				BUNDLE_LOADER = "$(TEST_HOST)";
				CODE_SIGN_STYLE = Automatic;
				DEVELOPMENT_TEAM = 34XV2JSY5D;
				INFOPLIST_FILE = WeatherBrickTests/Info.plist;
				LD_RUNPATH_SEARCH_PATHS = (
					"$(inherited)",
					"@executable_path/Frameworks",
					"@loader_path/Frameworks",
				);
				PRODUCT_BUNDLE_IDENTIFIER = com.vandrj.WeatherBrickTests;
				PRODUCT_NAME = "$(TARGET_NAME)";
				SWIFT_VERSION = 5.0;
				TARGETED_DEVICE_FAMILY = "1,2";
				TEST_HOST = "$(BUILT_PRODUCTS_DIR)/WeatherBrick.app/WeatherBrick";
			};
			name = Release;
		};
		A3475F2A273305F400BF5E86 /* Debug */ = {
			isa = XCBuildConfiguration;
			baseConfigurationReference = 09948A2B171B2CCBAF1F815B /* Pods-WeatherBrick-WeatherBrickUITests.debug.xcconfig */;
			buildSettings = {
				ALWAYS_EMBED_SWIFT_STANDARD_LIBRARIES = YES;
				CODE_SIGN_STYLE = Automatic;
				DEVELOPMENT_TEAM = 34XV2JSY5D;
				INFOPLIST_FILE = WeatherBrickUITests/Info.plist;
				LD_RUNPATH_SEARCH_PATHS = (
					"$(inherited)",
					"@executable_path/Frameworks",
					"@loader_path/Frameworks",
				);
				PRODUCT_BUNDLE_IDENTIFIER = com.vandrj.WeatherBrickUITests;
				PRODUCT_NAME = "$(TARGET_NAME)";
				SWIFT_VERSION = 5.0;
				TARGETED_DEVICE_FAMILY = "1,2";
				TEST_TARGET_NAME = WeatherBrick;
			};
			name = Debug;
		};
		A3475F2B273305F400BF5E86 /* Release */ = {
			isa = XCBuildConfiguration;
			baseConfigurationReference = A5D7E17997DCC46CE2999FB0 /* Pods-WeatherBrick-WeatherBrickUITests.release.xcconfig */;
			buildSettings = {
				ALWAYS_EMBED_SWIFT_STANDARD_LIBRARIES = YES;
				CODE_SIGN_STYLE = Automatic;
				DEVELOPMENT_TEAM = 34XV2JSY5D;
				INFOPLIST_FILE = WeatherBrickUITests/Info.plist;
				LD_RUNPATH_SEARCH_PATHS = (
					"$(inherited)",
					"@executable_path/Frameworks",
					"@loader_path/Frameworks",
				);
				PRODUCT_BUNDLE_IDENTIFIER = com.vandrj.WeatherBrickUITests;
				PRODUCT_NAME = "$(TARGET_NAME)";
				SWIFT_VERSION = 5.0;
				TARGETED_DEVICE_FAMILY = "1,2";
				TEST_TARGET_NAME = WeatherBrick;
			};
			name = Release;
		};
/* End XCBuildConfiguration section */

/* Begin XCConfigurationList section */
		A3475EF6273305F200BF5E86 /* Build configuration list for PBXProject "WeatherBrick" */ = {
			isa = XCConfigurationList;
			buildConfigurations = (
				A3475F21273305F400BF5E86 /* Debug */,
				A3475F22273305F400BF5E86 /* Release */,
			);
			defaultConfigurationIsVisible = 0;
			defaultConfigurationName = Release;
		};
		A3475F23273305F400BF5E86 /* Build configuration list for PBXNativeTarget "WeatherBrick" */ = {
			isa = XCConfigurationList;
			buildConfigurations = (
				A3475F24273305F400BF5E86 /* Debug */,
				A3475F25273305F400BF5E86 /* Release */,
			);
			defaultConfigurationIsVisible = 0;
			defaultConfigurationName = Release;
		};
		A3475F26273305F400BF5E86 /* Build configuration list for PBXNativeTarget "WeatherBrickTests" */ = {
			isa = XCConfigurationList;
			buildConfigurations = (
				A3475F27273305F400BF5E86 /* Debug */,
				A3475F28273305F400BF5E86 /* Release */,
			);
			defaultConfigurationIsVisible = 0;
			defaultConfigurationName = Release;
		};
		A3475F29273305F400BF5E86 /* Build configuration list for PBXNativeTarget "WeatherBrickUITests" */ = {
			isa = XCConfigurationList;
			buildConfigurations = (
				A3475F2A273305F400BF5E86 /* Debug */,
				A3475F2B273305F400BF5E86 /* Release */,
			);
			defaultConfigurationIsVisible = 0;
			defaultConfigurationName = Release;
		};
/* End XCConfigurationList section */
	};
	rootObject = A3475EF3273305F200BF5E86 /* Project object */;
}
